
Microsoft Visual Studio Solution File, Format Version 12.00
# Visual Studio Version 17
VisualStudioVersion = 17.14.36518.9 d17.14
MinimumVisualStudioVersion = 10.0.40219.1
Project("{8BC9CEB8-8B4A-11D0-8D11-00A0C91BC942}") = "Project2", "Project2\Project2.vcxproj", "{ED257B0B-6357-4ADB-A3AE-3DCFF7A9DC2B}"
EndProject
Global
	GlobalSection(SolutionConfigurationPlatforms) = preSolution
		Debug|x64 = Debug|x64
		Debug|x86 = Debug|x86
		Release|x64 = Release|x64
		Release|x86 = Release|x86
	EndGlobalSection
	GlobalSection(ProjectConfigurationPlatforms) = postSolution
		{ED257B0B-6357-4ADB-A3AE-3DCFF7A9DC2B}.Debug|x64.ActiveCfg = Debug|x64
		{ED257B0B-6357-4ADB-A3AE-3DCFF7A9DC2B}.Debug|x64.Build.0 = Debug|x64
		{ED257B0B-6357-4ADB-A3AE-3DCFF7A9DC2B}.Debug|x86.ActiveCfg = Debug|Win32
		{ED257B0B-6357-4ADB-A3AE-3DCFF7A9DC2B}.Debug|x86.Build.0 = Debug|Win32
		{ED257B0B-6357-4ADB-A3AE-3DCFF7A9DC2B}.Release|x64.ActiveCfg = Release|x64
		{ED257B0B-6357-4ADB-A3AE-3DCFF7A9DC2B}.Release|x64.Build.0 = Release|x64
		{ED257B0B-6357-4ADB-A3AE-3DCFF7A9DC2B}.Release|x86.ActiveCfg = Release|Win32
		{ED257B0B-6357-4ADB-A3AE-3DCFF7A9DC2B}.Release|x86.Build.0 = Release|Win32
	EndGlobalSection
	GlobalSection(SolutionProperties) = preSolution
		HideSolutionNode = FALSE
	EndGlobalSection
	GlobalSection(ExtensibilityGlobals) = postSolution
		SolutionGuid = {42701E67-7863-43AB-8BFD-3E6B90CF7892}
	EndGlobalSection
EndGlobal
